
Microsoft Visual Studio Solution File, Format Version 11.00
# Visual Studio 2010
Project("{FAE04EC0-301F-11D3-BF4B-00C04F79EFBC}") = "OnStartEvent", "OnStartEvent\OnStartEvent.csproj", "{2D04D11A-E5F8-4C56-8D59-8BDE6482A1EC}"
EndProject
Project("{FAE04EC0-301F-11D3-BF4B-00C04F79EFBC}") = "oms_email_notification", "oms_email_notification\oms_email_notification.csproj", "{26854E7D-84BC-437A-B1F0-63A3D2E42104}"
EndProject
Project("{FAE04EC0-301F-11D3-BF4B-00C04F79EFBC}") = "lib_oms", "lib_oms\lib_oms.csproj", "{C6F5A8C7-9117-4879-89E4-88FBE9FF0D0D}"
EndProject
Project("{FAE04EC0-301F-11D3-BF4B-00C04F79EFBC}") = "lib_oms_ping", "lib_oms_ping\lib_oms_ping.csproj", "{E717CF67-C9E5-48F4-94AE-73E406C89E37}"
EndProject
Project("{FAE04EC0-301F-11D3-BF4B-00C04F79EFBC}") = "octopus", "octopus\octopus.csproj", "{7D5B34DF-8E8A-422F-A52D-C9EE5B29EF6E}"
EndProject
Project("{FAE04EC0-301F-11D3-BF4B-00C04F79EFBC}") = "farma_borrar_backups", "farma_borrar_backups\farma_borrar_backups.csproj", "{782DE3CA-27A9-4D29-B282-2AB07CAFE559}"
EndProject
Project("{FAE04EC0-301F-11D3-BF4B-00C04F79EFBC}") = "Client", "Client\Client.csproj", "{38AA0A5A-FE40-4BDB-AACD-6D9DC96B6D41}"
EndProject
Project("{FAE04EC0-301F-11D3-BF4B-00C04F79EFBC}") = "lib_oms_deletefiles", "lib_oms_deletefiles\lib_oms_deletefiles.csproj", "{A38D549D-8546-4030-92F3-745295B2F563}"
EndProject
Project("{FAE04EC0-301F-11D3-BF4B-00C04F79EFBC}") = "lib_oms_devuptime", "lib_oms_devuptime\lib_oms_devuptime.csproj", "{555774FA-8449-47F2-AB3E-4271FACD789E}"
EndProject
Project("{FAE04EC0-301F-11D3-BF4B-00C04F79EFBC}") = "lib_oms_driveinfo", "lib_oms_driveinfo\lib_oms_driveinfo.csproj", "{D1E23979-98A3-471C-9DA0-AAE409DF92F9}"
EndProject
Project("{FAE04EC0-301F-11D3-BF4B-00C04F79EFBC}") = "lib_oms_performance", "lib_oms_performance\lib_oms_performance.csproj", "{EC447254-C9AA-465E-8F9E-8D18FFDD823A}"
EndProject
Project("{FAE04EC0-301F-11D3-BF4B-00C04F79EFBC}") = "lib_oms_sqlserver", "lib_oms_sqlserver\lib_oms_sqlserver.csproj", "{513C4FF2-F1CC-47B7-8892-31D9B49B32FC}"
EndProject
Global
	GlobalSection(SolutionConfigurationPlatforms) = preSolution
		Debug|x86 = Debug|x86
		Release|x86 = Release|x86
	EndGlobalSection
	GlobalSection(ProjectConfigurationPlatforms) = postSolution
		{26854E7D-84BC-437A-B1F0-63A3D2E42104}.Debug|x86.ActiveCfg = Debug|x86
		{26854E7D-84BC-437A-B1F0-63A3D2E42104}.Debug|x86.Build.0 = Debug|x86
		{26854E7D-84BC-437A-B1F0-63A3D2E42104}.Release|x86.ActiveCfg = Release|x86
		{26854E7D-84BC-437A-B1F0-63A3D2E42104}.Release|x86.Build.0 = Release|x86
		{2D04D11A-E5F8-4C56-8D59-8BDE6482A1EC}.Debug|x86.ActiveCfg = Debug|x86
		{2D04D11A-E5F8-4C56-8D59-8BDE6482A1EC}.Debug|x86.Build.0 = Debug|x86
		{2D04D11A-E5F8-4C56-8D59-8BDE6482A1EC}.Release|x86.ActiveCfg = Release|x86
		{2D04D11A-E5F8-4C56-8D59-8BDE6482A1EC}.Release|x86.Build.0 = Release|x86
		{38AA0A5A-FE40-4BDB-AACD-6D9DC96B6D41}.Debug|x86.ActiveCfg = Debug|x86
		{38AA0A5A-FE40-4BDB-AACD-6D9DC96B6D41}.Debug|x86.Build.0 = Debug|x86
		{38AA0A5A-FE40-4BDB-AACD-6D9DC96B6D41}.Release|x86.ActiveCfg = Release|x86
		{38AA0A5A-FE40-4BDB-AACD-6D9DC96B6D41}.Release|x86.Build.0 = Release|x86
		{513C4FF2-F1CC-47B7-8892-31D9B49B32FC}.Debug|x86.ActiveCfg = Debug|Any CPU
		{513C4FF2-F1CC-47B7-8892-31D9B49B32FC}.Debug|x86.Build.0 = Debug|Any CPU
		{513C4FF2-F1CC-47B7-8892-31D9B49B32FC}.Release|x86.ActiveCfg = Release|Any CPU
		{513C4FF2-F1CC-47B7-8892-31D9B49B32FC}.Release|x86.Build.0 = Release|Any CPU
		{555774FA-8449-47F2-AB3E-4271FACD789E}.Debug|x86.ActiveCfg = Debug|Any CPU
		{555774FA-8449-47F2-AB3E-4271FACD789E}.Debug|x86.Build.0 = Debug|Any CPU
		{555774FA-8449-47F2-AB3E-4271FACD789E}.Release|x86.ActiveCfg = Release|Any CPU
		{555774FA-8449-47F2-AB3E-4271FACD789E}.Release|x86.Build.0 = Release|Any CPU
		{782DE3CA-27A9-4D29-B282-2AB07CAFE559}.Debug|x86.ActiveCfg = Debug|x86
		{782DE3CA-27A9-4D29-B282-2AB07CAFE559}.Debug|x86.Build.0 = Debug|x86
		{782DE3CA-27A9-4D29-B282-2AB07CAFE559}.Release|x86.ActiveCfg = Release|x86
		{782DE3CA-27A9-4D29-B282-2AB07CAFE559}.Release|x86.Build.0 = Release|x86
		{7D5B34DF-8E8A-422F-A52D-C9EE5B29EF6E}.Debug|x86.ActiveCfg = Debug|x86
		{7D5B34DF-8E8A-422F-A52D-C9EE5B29EF6E}.Debug|x86.Build.0 = Debug|x86
		{7D5B34DF-8E8A-422F-A52D-C9EE5B29EF6E}.Release|x86.ActiveCfg = Release|x86
		{7D5B34DF-8E8A-422F-A52D-C9EE5B29EF6E}.Release|x86.Build.0 = Release|x86
		{A38D549D-8546-4030-92F3-745295B2F563}.Debug|x86.ActiveCfg = Debug|x86
		{A38D549D-8546-4030-92F3-745295B2F563}.Debug|x86.Build.0 = Debug|x86
		{A38D549D-8546-4030-92F3-745295B2F563}.Release|x86.ActiveCfg = Release|x86
		{A38D549D-8546-4030-92F3-745295B2F563}.Release|x86.Build.0 = Release|x86
		{C6F5A8C7-9117-4879-89E4-88FBE9FF0D0D}.Debug|x86.ActiveCfg = Debug|Any CPU
		{C6F5A8C7-9117-4879-89E4-88FBE9FF0D0D}.Debug|x86.Build.0 = Debug|Any CPU
		{C6F5A8C7-9117-4879-89E4-88FBE9FF0D0D}.Release|x86.ActiveCfg = Release|Any CPU
		{C6F5A8C7-9117-4879-89E4-88FBE9FF0D0D}.Release|x86.Build.0 = Release|Any CPU
		{D1E23979-98A3-471C-9DA0-AAE409DF92F9}.Debug|x86.ActiveCfg = Debug|Any CPU
		{D1E23979-98A3-471C-9DA0-AAE409DF92F9}.Debug|x86.Build.0 = Debug|Any CPU
		{D1E23979-98A3-471C-9DA0-AAE409DF92F9}.Release|x86.ActiveCfg = Release|Any CPU
		{D1E23979-98A3-471C-9DA0-AAE409DF92F9}.Release|x86.Build.0 = Release|Any CPU
		{E717CF67-C9E5-48F4-94AE-73E406C89E37}.Debug|x86.ActiveCfg = Debug|Any CPU
		{E717CF67-C9E5-48F4-94AE-73E406C89E37}.Debug|x86.Build.0 = Debug|Any CPU
		{E717CF67-C9E5-48F4-94AE-73E406C89E37}.Release|x86.ActiveCfg = Release|Any CPU
		{E717CF67-C9E5-48F4-94AE-73E406C89E37}.Release|x86.Build.0 = Release|Any CPU
		{EC447254-C9AA-465E-8F9E-8D18FFDD823A}.Debug|x86.ActiveCfg = Debug|Any CPU
		{EC447254-C9AA-465E-8F9E-8D18FFDD823A}.Debug|x86.Build.0 = Debug|Any CPU
		{EC447254-C9AA-465E-8F9E-8D18FFDD823A}.Release|x86.ActiveCfg = Release|Any CPU
		{EC447254-C9AA-465E-8F9E-8D18FFDD823A}.Release|x86.Build.0 = Release|Any CPU
	EndGlobalSection
	GlobalSection(MonoDevelopProperties) = preSolution
		StartupItem = OnStartEvent\OnStartEvent.csproj
		Policies = $0
		$0.DotNetNamingPolicy = $1
		$1.DirectoryNamespaceAssociation = None
		$1.ResourceNamePolicy = FileFormatDefault
		$0.StandardHeader = $2
		$2.Text = 
		$2.IncludeInNewFiles = True
		$0.NameConventionPolicy = $3
		$3.Rules = $4
		$4.NamingRule = $5
		$5.Name = Namespaces
		$5.AffectedEntity = Namespace
		$5.VisibilityMask = VisibilityMask
		$5.NamingStyle = PascalCase
		$5.IncludeInstanceMembers = True
		$5.IncludeStaticEntities = True
		$4.NamingRule = $6
		$6.Name = Types
		$6.AffectedEntity = Class, Struct, Enum, Delegate
		$6.VisibilityMask = Public
		$6.NamingStyle = PascalCase
		$6.IncludeInstanceMembers = True
		$6.IncludeStaticEntities = True
		$4.NamingRule = $7
		$7.Name = Interfaces
		$7.RequiredPrefixes = $8
		$8.String = I
		$7.AffectedEntity = Interface
		$7.VisibilityMask = Public
		$7.NamingStyle = PascalCase
		$7.IncludeInstanceMembers = True
		$7.IncludeStaticEntities = True
		$4.NamingRule = $9
		$9.Name = Attributes
		$9.RequiredSuffixes = $10
		$10.String = Attribute
		$9.AffectedEntity = CustomAttributes
		$9.VisibilityMask = Public
		$9.NamingStyle = PascalCase
		$9.IncludeInstanceMembers = True
		$9.IncludeStaticEntities = True
		$4.NamingRule = $11
		$11.Name = Event Arguments
		$11.RequiredSuffixes = $12
		$12.String = EventArgs
		$11.AffectedEntity = CustomEventArgs
		$11.VisibilityMask = Public
		$11.NamingStyle = PascalCase
		$11.IncludeInstanceMembers = True
		$11.IncludeStaticEntities = True
		$4.NamingRule = $13
		$13.Name = Exceptions
		$13.RequiredSuffixes = $14
		$14.String = Exception
		$13.AffectedEntity = CustomExceptions
		$13.VisibilityMask = VisibilityMask
		$13.NamingStyle = PascalCase
		$13.IncludeInstanceMembers = True
		$13.IncludeStaticEntities = True
		$4.NamingRule = $15
		$15.Name = Methods
		$15.AffectedEntity = Methods
		$15.VisibilityMask = Protected, Public
		$15.NamingStyle = PascalCase
		$15.IncludeInstanceMembers = True
		$15.IncludeStaticEntities = True
		$4.NamingRule = $16
		$16.Name = Static Readonly Fields
		$16.AffectedEntity = ReadonlyField
		$16.VisibilityMask = Protected, Public
		$16.NamingStyle = PascalCase
		$16.IncludeInstanceMembers = False
		$16.IncludeStaticEntities = True
		$4.NamingRule = $17
		$17.Name = Fields
		$17.AffectedEntity = Field
		$17.VisibilityMask = Protected, Public
		$17.NamingStyle = PascalCase
		$17.IncludeInstanceMembers = True
		$17.IncludeStaticEntities = True
		$4.NamingRule = $18
		$18.Name = ReadOnly Fields
		$18.AffectedEntity = ReadonlyField
		$18.VisibilityMask = Protected, Public
		$18.NamingStyle = PascalCase
		$18.IncludeInstanceMembers = True
		$18.IncludeStaticEntities = False
		$4.NamingRule = $19
		$19.Name = Constant Fields
		$19.AffectedEntity = ConstantField
		$19.VisibilityMask = Protected, Public
		$19.NamingStyle = PascalCase
		$19.IncludeInstanceMembers = True
		$19.IncludeStaticEntities = True
		$4.NamingRule = $20
		$20.Name = Properties
		$20.AffectedEntity = Property
		$20.VisibilityMask = Protected, Public
		$20.NamingStyle = PascalCase
		$20.IncludeInstanceMembers = True
		$20.IncludeStaticEntities = True
		$4.NamingRule = $21
		$21.Name = Events
		$21.AffectedEntity = Event
		$21.VisibilityMask = Protected, Public
		$21.NamingStyle = PascalCase
		$21.IncludeInstanceMembers = True
		$21.IncludeStaticEntities = True
		$4.NamingRule = $22
		$22.Name = Enum Members
		$22.AffectedEntity = EnumMember
		$22.VisibilityMask = VisibilityMask
		$22.NamingStyle = PascalCase
		$22.IncludeInstanceMembers = True
		$22.IncludeStaticEntities = True
		$4.NamingRule = $23
		$23.Name = Parameters
		$23.AffectedEntity = Parameter
		$23.VisibilityMask = VisibilityMask
		$23.NamingStyle = CamelCase
		$23.IncludeInstanceMembers = True
		$23.IncludeStaticEntities = True
		$4.NamingRule = $24
		$24.Name = Type Parameters
		$24.RequiredPrefixes = $25
		$25.String = T
		$24.AffectedEntity = TypeParameter
		$24.VisibilityMask = VisibilityMask
		$24.NamingStyle = PascalCase
		$24.IncludeInstanceMembers = True
		$24.IncludeStaticEntities = True
		$0.VersionControlPolicy = $26
		$26.inheritsSet = Mono
		$0.ChangeLogPolicy = $27
		$27.UpdateMode = None
		$27.MessageStyle = $28
		$28.LineAlign = 0
		$27.inheritsSet = Mono
		description = Open Monitoring Software
	EndGlobalSection
EndGlobal
